
Microsoft Visual Studio Solution File, Format Version 12.00
# Visual Studio Version 16
VisualStudioVersion = 16.0.29201.188
MinimumVisualStudioVersion = 10.0.40219.1
Project("{9A19103F-16F7-4668-BE54-9A1E7A4F7556}") = "Miris.LazyProxy", "Miris.LazyProxy\Miris.LazyProxy.csproj", "{7BEA024A-265D-4767-9C2A-34C8331741EC}"
EndProject
Project("{9A19103F-16F7-4668-BE54-9A1E7A4F7556}") = "Miris.LazyProxy.Tests", "Miris.LazyProxy.Tests\Miris.LazyProxy.Tests.csproj", "{0746CCF6-0F40-40AA-830A-203BFEC6C9B8}"
EndProject
Project("{9A19103F-16F7-4668-BE54-9A1E7A4F7556}") = "ConsoleApp1", "ConsoleApp1\ConsoleApp1.csproj", "{8272C857-13BD-45AE-AC41-781ECC514AD5}"
EndProject
Project("{FAE04EC0-301F-11D3-BF4B-00C04F79EFBC}") = "Miris.LazyProxy.PerformanceSample", "Miris.LazyProxy.PerformanceSample\Miris.LazyProxy.PerformanceSample.csproj", "{177BE4F8-31E8-4A2A-B0F8-83687AD6F562}"
EndProject
Project("{2150E333-8FDC-42A3-9474-1A3956D46DE8}") = "Samples", "Samples", "{9C11A378-99CA-4D67-8FB2-288F4B59F702}"
EndProject
Global
	GlobalSection(SolutionConfigurationPlatforms) = preSolution
		Debug|Any CPU = Debug|Any CPU
		Release|Any CPU = Release|Any CPU
	EndGlobalSection
	GlobalSection(ProjectConfigurationPlatforms) = postSolution
		{7BEA024A-265D-4767-9C2A-34C8331741EC}.Debug|Any CPU.ActiveCfg = Debug|Any CPU
		{7BEA024A-265D-4767-9C2A-34C8331741EC}.Debug|Any CPU.Build.0 = Debug|Any CPU
		{7BEA024A-265D-4767-9C2A-34C8331741EC}.Release|Any CPU.ActiveCfg = Release|Any CPU
		{7BEA024A-265D-4767-9C2A-34C8331741EC}.Release|Any CPU.Build.0 = Release|Any CPU
		{0746CCF6-0F40-40AA-830A-203BFEC6C9B8}.Debug|Any CPU.ActiveCfg = Debug|Any CPU
		{0746CCF6-0F40-40AA-830A-203BFEC6C9B8}.Debug|Any CPU.Build.0 = Debug|Any CPU
		{0746CCF6-0F40-40AA-830A-203BFEC6C9B8}.Release|Any CPU.ActiveCfg = Release|Any CPU
		{0746CCF6-0F40-40AA-830A-203BFEC6C9B8}.Release|Any CPU.Build.0 = Release|Any CPU
		{8272C857-13BD-45AE-AC41-781ECC514AD5}.Debug|Any CPU.ActiveCfg = Debug|Any CPU
		{8272C857-13BD-45AE-AC41-781ECC514AD5}.Debug|Any CPU.Build.0 = Debug|Any CPU
		{8272C857-13BD-45AE-AC41-781ECC514AD5}.Release|Any CPU.ActiveCfg = Release|Any CPU
		{8272C857-13BD-45AE-AC41-781ECC514AD5}.Release|Any CPU.Build.0 = Release|Any CPU
		{177BE4F8-31E8-4A2A-B0F8-83687AD6F562}.Debug|Any CPU.ActiveCfg = Debug|Any CPU
		{177BE4F8-31E8-4A2A-B0F8-83687AD6F562}.Debug|Any CPU.Build.0 = Debug|Any CPU
		{177BE4F8-31E8-4A2A-B0F8-83687AD6F562}.Release|Any CPU.ActiveCfg = Release|Any CPU
		{177BE4F8-31E8-4A2A-B0F8-83687AD6F562}.Release|Any CPU.Build.0 = Release|Any CPU
	EndGlobalSection
	GlobalSection(SolutionProperties) = preSolution
		HideSolutionNode = FALSE
	EndGlobalSection
	GlobalSection(NestedProjects) = preSolution
		{8272C857-13BD-45AE-AC41-781ECC514AD5} = {9C11A378-99CA-4D67-8FB2-288F4B59F702}
		{177BE4F8-31E8-4A2A-B0F8-83687AD6F562} = {9C11A378-99CA-4D67-8FB2-288F4B59F702}
	EndGlobalSection
	GlobalSection(ExtensibilityGlobals) = postSolution
		SolutionGuid = {1D0E6A20-B3C4-43E6-ACB2-9AF547458833}
	EndGlobalSection
EndGlobal
