
Microsoft Visual Studio Solution File, Format Version 12.00
# Visual Studio 15
VisualStudioVersion = 15.0.28307.168
MinimumVisualStudioVersion = 10.0.40219.1
Project("{FAE04EC0-301F-11D3-BF4B-00C04F79EFBC}") = "Miris.LazyProxy", "Miris.LazyProxy\Miris.LazyProxy.csproj", "{7BEA024A-265D-4767-9C2A-34C8331741EC}"
EndProject
Global
	GlobalSection(SolutionConfigurationPlatforms) = preSolution
		Debug|Any CPU = Debug|Any CPU
		Release|Any CPU = Release|Any CPU
	EndGlobalSection
	GlobalSection(ProjectConfigurationPlatforms) = postSolution
		{7BEA024A-265D-4767-9C2A-34C8331741EC}.Debug|Any CPU.ActiveCfg = Debug|Any CPU
		{7BEA024A-265D-4767-9C2A-34C8331741EC}.Debug|Any CPU.Build.0 = Debug|Any CPU
		{7BEA024A-265D-4767-9C2A-34C8331741EC}.Release|Any CPU.ActiveCfg = Release|Any CPU
		{7BEA024A-265D-4767-9C2A-34C8331741EC}.Release|Any CPU.Build.0 = Release|Any CPU
	EndGlobalSection
	GlobalSection(SolutionProperties) = preSolution
		HideSolutionNode = FALSE
	EndGlobalSection
	GlobalSection(ExtensibilityGlobals) = postSolution
		SolutionGuid = {1D0E6A20-B3C4-43E6-ACB2-9AF547458833}
	EndGlobalSection
EndGlobal
